
Microsoft Visual Studio Solution File, Format Version 12.00
# Visual Studio 15
VisualStudioVersion = 15.0.26124.0
MinimumVisualStudioVersion = 15.0.26124.0
Project("{FAE04EC0-301F-11D3-BF4B-00C04F79EFBC}") = "Domain", "Domain\Domain.csproj", "{7F21E926-3749-47EA-80A0-4BF6D2805156}"
EndProject
Project("{FAE04EC0-301F-11D3-BF4B-00C04F79EFBC}") = "Persistense", "Persistense\Persistense.csproj", "{87364DCB-AEE1-4C1B-A5B5-93E601997692}"
EndProject
Project("{FAE04EC0-301F-11D3-BF4B-00C04F79EFBC}") = "Application", "Application\Application.csproj", "{BB280C01-782F-4E49-902D-7BF9B2AF2A0C}"
EndProject
Project("{FAE04EC0-301F-11D3-BF4B-00C04F79EFBC}") = "API", "API\API.csproj", "{87930651-1B23-4F4E-9942-7107F20AAAA2}"
EndProject
Global
	GlobalSection(SolutionConfigurationPlatforms) = preSolution
		Debug|Any CPU = Debug|Any CPU
		Debug|x64 = Debug|x64
		Debug|x86 = Debug|x86
		Release|Any CPU = Release|Any CPU
		Release|x64 = Release|x64
		Release|x86 = Release|x86
	EndGlobalSection
	GlobalSection(SolutionProperties) = preSolution
		HideSolutionNode = FALSE
	EndGlobalSection
	GlobalSection(ProjectConfigurationPlatforms) = postSolution
		{7F21E926-3749-47EA-80A0-4BF6D2805156}.Debug|Any CPU.ActiveCfg = Debug|Any CPU
		{7F21E926-3749-47EA-80A0-4BF6D2805156}.Debug|Any CPU.Build.0 = Debug|Any CPU
		{7F21E926-3749-47EA-80A0-4BF6D2805156}.Debug|x64.ActiveCfg = Debug|Any CPU
		{7F21E926-3749-47EA-80A0-4BF6D2805156}.Debug|x64.Build.0 = Debug|Any CPU
		{7F21E926-3749-47EA-80A0-4BF6D2805156}.Debug|x86.ActiveCfg = Debug|Any CPU
		{7F21E926-3749-47EA-80A0-4BF6D2805156}.Debug|x86.Build.0 = Debug|Any CPU
		{7F21E926-3749-47EA-80A0-4BF6D2805156}.Release|Any CPU.ActiveCfg = Release|Any CPU
		{7F21E926-3749-47EA-80A0-4BF6D2805156}.Release|Any CPU.Build.0 = Release|Any CPU
		{7F21E926-3749-47EA-80A0-4BF6D2805156}.Release|x64.ActiveCfg = Release|Any CPU
		{7F21E926-3749-47EA-80A0-4BF6D2805156}.Release|x64.Build.0 = Release|Any CPU
		{7F21E926-3749-47EA-80A0-4BF6D2805156}.Release|x86.ActiveCfg = Release|Any CPU
		{7F21E926-3749-47EA-80A0-4BF6D2805156}.Release|x86.Build.0 = Release|Any CPU
		{87364DCB-AEE1-4C1B-A5B5-93E601997692}.Debug|Any CPU.ActiveCfg = Debug|Any CPU
		{87364DCB-AEE1-4C1B-A5B5-93E601997692}.Debug|Any CPU.Build.0 = Debug|Any CPU
		{87364DCB-AEE1-4C1B-A5B5-93E601997692}.Debug|x64.ActiveCfg = Debug|Any CPU
		{87364DCB-AEE1-4C1B-A5B5-93E601997692}.Debug|x64.Build.0 = Debug|Any CPU
		{87364DCB-AEE1-4C1B-A5B5-93E601997692}.Debug|x86.ActiveCfg = Debug|Any CPU
		{87364DCB-AEE1-4C1B-A5B5-93E601997692}.Debug|x86.Build.0 = Debug|Any CPU
		{87364DCB-AEE1-4C1B-A5B5-93E601997692}.Release|Any CPU.ActiveCfg = Release|Any CPU
		{87364DCB-AEE1-4C1B-A5B5-93E601997692}.Release|Any CPU.Build.0 = Release|Any CPU
		{87364DCB-AEE1-4C1B-A5B5-93E601997692}.Release|x64.ActiveCfg = Release|Any CPU
		{87364DCB-AEE1-4C1B-A5B5-93E601997692}.Release|x64.Build.0 = Release|Any CPU
		{87364DCB-AEE1-4C1B-A5B5-93E601997692}.Release|x86.ActiveCfg = Release|Any CPU
		{87364DCB-AEE1-4C1B-A5B5-93E601997692}.Release|x86.Build.0 = Release|Any CPU
		{BB280C01-782F-4E49-902D-7BF9B2AF2A0C}.Debug|Any CPU.ActiveCfg = Debug|Any CPU
		{BB280C01-782F-4E49-902D-7BF9B2AF2A0C}.Debug|Any CPU.Build.0 = Debug|Any CPU
		{BB280C01-782F-4E49-902D-7BF9B2AF2A0C}.Debug|x64.ActiveCfg = Debug|Any CPU
		{BB280C01-782F-4E49-902D-7BF9B2AF2A0C}.Debug|x64.Build.0 = Debug|Any CPU
		{BB280C01-782F-4E49-902D-7BF9B2AF2A0C}.Debug|x86.ActiveCfg = Debug|Any CPU
		{BB280C01-782F-4E49-902D-7BF9B2AF2A0C}.Debug|x86.Build.0 = Debug|Any CPU
		{BB280C01-782F-4E49-902D-7BF9B2AF2A0C}.Release|Any CPU.ActiveCfg = Release|Any CPU
		{BB280C01-782F-4E49-902D-7BF9B2AF2A0C}.Release|Any CPU.Build.0 = Release|Any CPU
		{BB280C01-782F-4E49-902D-7BF9B2AF2A0C}.Release|x64.ActiveCfg = Release|Any CPU
		{BB280C01-782F-4E49-902D-7BF9B2AF2A0C}.Release|x64.Build.0 = Release|Any CPU
		{BB280C01-782F-4E49-902D-7BF9B2AF2A0C}.Release|x86.ActiveCfg = Release|Any CPU
		{BB280C01-782F-4E49-902D-7BF9B2AF2A0C}.Release|x86.Build.0 = Release|Any CPU
		{87930651-1B23-4F4E-9942-7107F20AAAA2}.Debug|Any CPU.ActiveCfg = Debug|Any CPU
		{87930651-1B23-4F4E-9942-7107F20AAAA2}.Debug|Any CPU.Build.0 = Debug|Any CPU
		{87930651-1B23-4F4E-9942-7107F20AAAA2}.Debug|x64.ActiveCfg = Debug|Any CPU
		{87930651-1B23-4F4E-9942-7107F20AAAA2}.Debug|x64.Build.0 = Debug|Any CPU
		{87930651-1B23-4F4E-9942-7107F20AAAA2}.Debug|x86.ActiveCfg = Debug|Any CPU
		{87930651-1B23-4F4E-9942-7107F20AAAA2}.Debug|x86.Build.0 = Debug|Any CPU
		{87930651-1B23-4F4E-9942-7107F20AAAA2}.Release|Any CPU.ActiveCfg = Release|Any CPU
		{87930651-1B23-4F4E-9942-7107F20AAAA2}.Release|Any CPU.Build.0 = Release|Any CPU
		{87930651-1B23-4F4E-9942-7107F20AAAA2}.Release|x64.ActiveCfg = Release|Any CPU
		{87930651-1B23-4F4E-9942-7107F20AAAA2}.Release|x64.Build.0 = Release|Any CPU
		{87930651-1B23-4F4E-9942-7107F20AAAA2}.Release|x86.ActiveCfg = Release|Any CPU
		{87930651-1B23-4F4E-9942-7107F20AAAA2}.Release|x86.Build.0 = Release|Any CPU
	EndGlobalSection
EndGlobal
